// !$*UTF8*$!
{
	archiveVersion = 1;
	classes = {
	};
	objectVersion = 46;
	objects = {

/* Begin PBXBuildFile section */
		C7991AFA1E6D674600ECFD4E /* AppDelegate.swift in Sources */ = {isa = PBXBuildFile; fileRef = C7991AF91E6D674600ECFD4E /* AppDelegate.swift */; };
		C7991AFC1E6D674600ECFD4E /* ViewController.swift in Sources */ = {isa = PBXBuildFile; fileRef = C7991AFB1E6D674600ECFD4E /* ViewController.swift */; };
		C7991AFF1E6D674600ECFD4E /* Main.storyboard in Resources */ = {isa = PBXBuildFile; fileRef = C7991AFD1E6D674600ECFD4E /* Main.storyboard */; };
		C7991B021E6D674600ECFD4E /* ChessGame.xcdatamodeld in Sources */ = {isa = PBXBuildFile; fileRef = C7991B001E6D674600ECFD4E /* ChessGame.xcdatamodeld */; };
		C7991B041E6D674600ECFD4E /* Assets.xcassets in Resources */ = {isa = PBXBuildFile; fileRef = C7991B031E6D674600ECFD4E /* Assets.xcassets */; };
		C7991B071E6D674600ECFD4E /* LaunchScreen.storyboard in Resources */ = {isa = PBXBuildFile; fileRef = C7991B051E6D674600ECFD4E /* LaunchScreen.storyboard */; };
		C7991B121E6D674600ECFD4E /* ChessGameTests.swift in Sources */ = {isa = PBXBuildFile; fileRef = C7991B111E6D674600ECFD4E /* ChessGameTests.swift */; };
		C7991B1D1E6D674600ECFD4E /* ChessGameUITests.swift in Sources */ = {isa = PBXBuildFile; fileRef = C7991B1C1E6D674600ECFD4E /* ChessGameUITests.swift */; };
		C7991B2C1E6D677C00ECFD4E /* CellView.swift in Sources */ = {isa = PBXBuildFile; fileRef = C7991B2B1E6D677C00ECFD4E /* CellView.swift */; };
		C7991B2E1E6D678F00ECFD4E /* BoardView.swift in Sources */ = {isa = PBXBuildFile; fileRef = C7991B2D1E6D678F00ECFD4E /* BoardView.swift */; };
		C7991B301E6D67AC00ECFD4E /* GameManager.swift in Sources */ = {isa = PBXBuildFile; fileRef = C7991B2F1E6D67AC00ECFD4E /* GameManager.swift */; };
/* End PBXBuildFile section */

/* Begin PBXContainerItemProxy section */
		C7991B0E1E6D674600ECFD4E /* PBXContainerItemProxy */ = {
			isa = PBXContainerItemProxy;
			containerPortal = C7991AEE1E6D674600ECFD4E /* Project object */;
			proxyType = 1;
			remoteGlobalIDString = C7991AF51E6D674600ECFD4E;
			remoteInfo = ChessGame;
		};
		C7991B191E6D674600ECFD4E /* PBXContainerItemProxy */ = {
			isa = PBXContainerItemProxy;
			containerPortal = C7991AEE1E6D674600ECFD4E /* Project object */;
			proxyType = 1;
			remoteGlobalIDString = C7991AF51E6D674600ECFD4E;
			remoteInfo = ChessGame;
		};
/* End PBXContainerItemProxy section */

/* Begin PBXFileReference section */
		C7991AF61E6D674600ECFD4E /* ChessGame.app */ = {isa = PBXFileReference; explicitFileType = wrapper.application; includeInIndex = 0; path = ChessGame.app; sourceTree = BUILT_PRODUCTS_DIR; };
		C7991AF91E6D674600ECFD4E /* AppDelegate.swift */ = {isa = PBXFileReference; lastKnownFileType = sourcecode.swift; path = AppDelegate.swift; sourceTree = "<group>"; };
		C7991AFB1E6D674600ECFD4E /* ViewController.swift */ = {isa = PBXFileReference; lastKnownFileType = sourcecode.swift; path = ViewController.swift; sourceTree = "<group>"; };
		C7991AFE1E6D674600ECFD4E /* Base */ = {isa = PBXFileReference; lastKnownFileType = file.storyboard; name = Base; path = Base.lproj/Main.storyboard; sourceTree = "<group>"; };
		C7991B011E6D674600ECFD4E /* ChessGame.xcdatamodel */ = {isa = PBXFileReference; lastKnownFileType = wrapper.xcdatamodel; path = ChessGame.xcdatamodel; sourceTree = "<group>"; };
		C7991B031E6D674600ECFD4E /* Assets.xcassets */ = {isa = PBXFileReference; lastKnownFileType = folder.assetcatalog; path = Assets.xcassets; sourceTree = "<group>"; };
		C7991B061E6D674600ECFD4E /* Base */ = {isa = PBXFileReference; lastKnownFileType = file.storyboard; name = Base; path = Base.lproj/LaunchScreen.storyboard; sourceTree = "<group>"; };
		C7991B081E6D674600ECFD4E /* Info.plist */ = {isa = PBXFileReference; lastKnownFileType = text.plist.xml; path = Info.plist; sourceTree = "<group>"; };
		C7991B0D1E6D674600ECFD4E /* ChessGameTests.xctest */ = {isa = PBXFileReference; explicitFileType = wrapper.cfbundle; includeInIndex = 0; path = ChessGameTests.xctest; sourceTree = BUILT_PRODUCTS_DIR; };
		C7991B111E6D674600ECFD4E /* ChessGameTests.swift */ = {isa = PBXFileReference; lastKnownFileType = sourcecode.swift; path = ChessGameTests.swift; sourceTree = "<group>"; };
		C7991B131E6D674600ECFD4E /* Info.plist */ = {isa = PBXFileReference; lastKnownFileType = text.plist.xml; path = Info.plist; sourceTree = "<group>"; };
		C7991B181E6D674600ECFD4E /* ChessGameUITests.xctest */ = {isa = PBXFileReference; explicitFileType = wrapper.cfbundle; includeInIndex = 0; path = ChessGameUITests.xctest; sourceTree = BUILT_PRODUCTS_DIR; };
		C7991B1C1E6D674600ECFD4E /* ChessGameUITests.swift */ = {isa = PBXFileReference; lastKnownFileType = sourcecode.swift; path = ChessGameUITests.swift; sourceTree = "<group>"; };
		C7991B1E1E6D674600ECFD4E /* Info.plist */ = {isa = PBXFileReference; lastKnownFileType = text.plist.xml; path = Info.plist; sourceTree = "<group>"; };
		C7991B2B1E6D677C00ECFD4E /* CellView.swift */ = {isa = PBXFileReference; fileEncoding = 4; lastKnownFileType = sourcecode.swift; path = CellView.swift; sourceTree = "<group>"; };
		C7991B2D1E6D678F00ECFD4E /* BoardView.swift */ = {isa = PBXFileReference; fileEncoding = 4; lastKnownFileType = sourcecode.swift; path = BoardView.swift; sourceTree = "<group>"; };
		C7991B2F1E6D67AC00ECFD4E /* GameManager.swift */ = {isa = PBXFileReference; fileEncoding = 4; lastKnownFileType = sourcecode.swift; path = GameManager.swift; sourceTree = "<group>"; };
/* End PBXFileReference section */

/* Begin PBXFrameworksBuildPhase section */
		C7991AF31E6D674600ECFD4E /* Frameworks */ = {
			isa = PBXFrameworksBuildPhase;
			buildActionMask = 2147483647;
			files = (
			);
			runOnlyForDeploymentPostprocessing = 0;
		};
		C7991B0A1E6D674600ECFD4E /* Frameworks */ = {
			isa = PBXFrameworksBuildPhase;
			buildActionMask = 2147483647;
			files = (
			);
			runOnlyForDeploymentPostprocessing = 0;
		};
		C7991B151E6D674600ECFD4E /* Frameworks */ = {
			isa = PBXFrameworksBuildPhase;
			buildActionMask = 2147483647;
			files = (
			);
			runOnlyForDeploymentPostprocessing = 0;
		};
/* End PBXFrameworksBuildPhase section */

/* Begin PBXGroup section */
		C7991AED1E6D674600ECFD4E = {
			isa = PBXGroup;
			children = (
				C7991AF81E6D674600ECFD4E /* ChessGame */,
				C7991B101E6D674600ECFD4E /* ChessGameTests */,
				C7991B1B1E6D674600ECFD4E /* ChessGameUITests */,
				C7991AF71E6D674600ECFD4E /* Products */,
			);
			sourceTree = "<group>";
		};
		C7991AF71E6D674600ECFD4E /* Products */ = {
			isa = PBXGroup;
			children = (
				C7991AF61E6D674600ECFD4E /* ChessGame.app */,
				C7991B0D1E6D674600ECFD4E /* ChessGameTests.xctest */,
				C7991B181E6D674600ECFD4E /* ChessGameUITests.xctest */,
			);
			name = Products;
			sourceTree = "<group>";
		};
		C7991AF81E6D674600ECFD4E /* ChessGame */ = {
			isa = PBXGroup;
			children = (
				C7991B2A1E6D676200ECFD4E /* Model */,
				C7991AF91E6D674600ECFD4E /* AppDelegate.swift */,
				C7991AFB1E6D674600ECFD4E /* ViewController.swift */,
				C7991B2F1E6D67AC00ECFD4E /* GameManager.swift */,
				C7991AFD1E6D674600ECFD4E /* Main.storyboard */,
				C7991B031E6D674600ECFD4E /* Assets.xcassets */,
				C7991B051E6D674600ECFD4E /* LaunchScreen.storyboard */,
				C7991B081E6D674600ECFD4E /* Info.plist */,
				C7991B001E6D674600ECFD4E /* ChessGame.xcdatamodeld */,
			);
			path = ChessGame;
			sourceTree = "<group>";
		};
		C7991B101E6D674600ECFD4E /* ChessGameTests */ = {
			isa = PBXGroup;
			children = (
				C7991B111E6D674600ECFD4E /* ChessGameTests.swift */,
				C7991B131E6D674600ECFD4E /* Info.plist */,
			);
			path = ChessGameTests;
			sourceTree = "<group>";
		};
		C7991B1B1E6D674600ECFD4E /* ChessGameUITests */ = {
			isa = PBXGroup;
			children = (
				C7991B1C1E6D674600ECFD4E /* ChessGameUITests.swift */,
				C7991B1E1E6D674600ECFD4E /* Info.plist */,
			);
			path = ChessGameUITests;
			sourceTree = "<group>";
		};
		C7991B2A1E6D676200ECFD4E /* Model */ = {
			isa = PBXGroup;
			children = (
				C7991B2B1E6D677C00ECFD4E /* CellView.swift */,
				C7991B2D1E6D678F00ECFD4E /* BoardView.swift */,
			);
			name = Model;
			sourceTree = "<group>";
		};
/* End PBXGroup section */

/* Begin PBXNativeTarget section */
		C7991AF51E6D674600ECFD4E /* ChessGame */ = {
			isa = PBXNativeTarget;
			buildConfigurationList = C7991B211E6D674600ECFD4E /* Build configuration list for PBXNativeTarget "ChessGame" */;
			buildPhases = (
				C7991AF21E6D674600ECFD4E /* Sources */,
				C7991AF31E6D674600ECFD4E /* Frameworks */,
				C7991AF41E6D674600ECFD4E /* Resources */,
			);
			buildRules = (
			);
			dependencies = (
			);
			name = ChessGame;
			productName = ChessGame;
			productReference = C7991AF61E6D674600ECFD4E /* ChessGame.app */;
			productType = "com.apple.product-type.application";
		};
		C7991B0C1E6D674600ECFD4E /* ChessGameTests */ = {
			isa = PBXNativeTarget;
			buildConfigurationList = C7991B241E6D674600ECFD4E /* Build configuration list for PBXNativeTarget "ChessGameTests" */;
			buildPhases = (
				C7991B091E6D674600ECFD4E /* Sources */,
				C7991B0A1E6D674600ECFD4E /* Frameworks */,
				C7991B0B1E6D674600ECFD4E /* Resources */,
			);
			buildRules = (
			);
			dependencies = (
				C7991B0F1E6D674600ECFD4E /* PBXTargetDependency */,
			);
			name = ChessGameTests;
			productName = ChessGameTests;
			productReference = C7991B0D1E6D674600ECFD4E /* ChessGameTests.xctest */;
			productType = "com.apple.product-type.bundle.unit-test";
		};
		C7991B171E6D674600ECFD4E /* ChessGameUITests */ = {
			isa = PBXNativeTarget;
			buildConfigurationList = C7991B271E6D674600ECFD4E /* Build configuration list for PBXNativeTarget "ChessGameUITests" */;
			buildPhases = (
				C7991B141E6D674600ECFD4E /* Sources */,
				C7991B151E6D674600ECFD4E /* Frameworks */,
				C7991B161E6D674600ECFD4E /* Resources */,
			);
			buildRules = (
			);
			dependencies = (
				C7991B1A1E6D674600ECFD4E /* PBXTargetDependency */,
			);
			name = ChessGameUITests;
			productName = ChessGameUITests;
			productReference = C7991B181E6D674600ECFD4E /* ChessGameUITests.xctest */;
			productType = "com.apple.product-type.bundle.ui-testing";
		};
/* End PBXNativeTarget section */

/* Begin PBXProject section */
		C7991AEE1E6D674600ECFD4E /* Project object */ = {
			isa = PBXProject;
			attributes = {
				LastSwiftUpdateCheck = 0820;
				LastUpgradeCheck = 0820;
				ORGANIZATIONNAME = TTung;
				TargetAttributes = {
					C7991AF51E6D674600ECFD4E = {
						CreatedOnToolsVersion = 8.2.1;
						DevelopmentTeam = 7MRXJH2RYW;
						ProvisioningStyle = Automatic;
					};
					C7991B0C1E6D674600ECFD4E = {
						CreatedOnToolsVersion = 8.2.1;
						ProvisioningStyle = Automatic;
						TestTargetID = C7991AF51E6D674600ECFD4E;
					};
					C7991B171E6D674600ECFD4E = {
						CreatedOnToolsVersion = 8.2.1;
						ProvisioningStyle = Automatic;
						TestTargetID = C7991AF51E6D674600ECFD4E;
					};
				};
			};
			buildConfigurationList = C7991AF11E6D674600ECFD4E /* Build configuration list for PBXProject "ChessGame" */;
			compatibilityVersion = "Xcode 3.2";
			developmentRegion = English;
			hasScannedForEncodings = 0;
			knownRegions = (
				en,
				Base,
			);
			mainGroup = C7991AED1E6D674600ECFD4E;
			productRefGroup = C7991AF71E6D674600ECFD4E /* Products */;
			projectDirPath = "";
			projectRoot = "";
			targets = (
				C7991AF51E6D674600ECFD4E /* ChessGame */,
				C7991B0C1E6D674600ECFD4E /* ChessGameTests */,
				C7991B171E6D674600ECFD4E /* ChessGameUITests */,
			);
		};
/* End PBXProject section */

/* Begin PBXResourcesBuildPhase section */
		C7991AF41E6D674600ECFD4E /* Resources */ = {
			isa = PBXResourcesBuildPhase;
			buildActionMask = 2147483647;
			files = (
				C7991B071E6D674600ECFD4E /* LaunchScreen.storyboard in Resources */,
				C7991B041E6D674600ECFD4E /* Assets.xcassets in Resources */,
				C7991AFF1E6D674600ECFD4E /* Main.storyboard in Resources */,
			);
			runOnlyForDeploymentPostprocessing = 0;
		};
		C7991B0B1E6D674600ECFD4E /* Resources */ = {
			isa = PBXResourcesBuildPhase;
			buildActionMask = 2147483647;
			files = (
			);
			runOnlyForDeploymentPostprocessing = 0;
		};
		C7991B161E6D674600ECFD4E /* Resources */ = {
			isa = PBXResourcesBuildPhase;
			buildActionMask = 2147483647;
			files = (
			);
			runOnlyForDeploymentPostprocessing = 0;
		};
/* End PBXResourcesBuildPhase section */

/* Begin PBXSourcesBuildPhase section */
		C7991AF21E6D674600ECFD4E /* Sources */ = {
			isa = PBXSourcesBuildPhase;
			buildActionMask = 2147483647;
			files = (
				C7991B2C1E6D677C00ECFD4E /* CellView.swift in Sources */,
				C7991B301E6D67AC00ECFD4E /* GameManager.swift in Sources */,
				C7991AFC1E6D674600ECFD4E /* ViewController.swift in Sources */,
				C7991B2E1E6D678F00ECFD4E /* BoardView.swift in Sources */,
				C7991B021E6D674600ECFD4E /* ChessGame.xcdatamodeld in Sources */,
				C7991AFA1E6D674600ECFD4E /* AppDelegate.swift in Sources */,
			);
			runOnlyForDeploymentPostprocessing = 0;
		};
		C7991B091E6D674600ECFD4E /* Sources */ = {
			isa = PBXSourcesBuildPhase;
			buildActionMask = 2147483647;
			files = (
				C7991B121E6D674600ECFD4E /* ChessGameTests.swift in Sources */,
			);
			runOnlyForDeploymentPostprocessing = 0;
		};
		C7991B141E6D674600ECFD4E /* Sources */ = {
			isa = PBXSourcesBuildPhase;
			buildActionMask = 2147483647;
			files = (
				C7991B1D1E6D674600ECFD4E /* ChessGameUITests.swift in Sources */,
			);
			runOnlyForDeploymentPostprocessing = 0;
		};
/* End PBXSourcesBuildPhase section */

/* Begin PBXTargetDependency section */
		C7991B0F1E6D674600ECFD4E /* PBXTargetDependency */ = {
			isa = PBXTargetDependency;
			target = C7991AF51E6D674600ECFD4E /* ChessGame */;
			targetProxy = C7991B0E1E6D674600ECFD4E /* PBXContainerItemProxy */;
		};
		C7991B1A1E6D674600ECFD4E /* PBXTargetDependency */ = {
			isa = PBXTargetDependency;
			target = C7991AF51E6D674600ECFD4E /* ChessGame */;
			targetProxy = C7991B191E6D674600ECFD4E /* PBXContainerItemProxy */;
		};
/* End PBXTargetDependency section */

/* Begin PBXVariantGroup section */
		C7991AFD1E6D674600ECFD4E /* Main.storyboard */ = {
			isa = PBXVariantGroup;
			children = (
				C7991AFE1E6D674600ECFD4E /* Base */,
			);
			name = Main.storyboard;
			sourceTree = "<group>";
		};
		C7991B051E6D674600ECFD4E /* LaunchScreen.storyboard */ = {
			isa = PBXVariantGroup;
			children = (
				C7991B061E6D674600ECFD4E /* Base */,
			);
			name = LaunchScreen.storyboard;
			sourceTree = "<group>";
		};
/* End PBXVariantGroup section */

/* Begin XCBuildConfiguration section */
		C7991B1F1E6D674600ECFD4E /* Debug */ = {
			isa = XCBuildConfiguration;
			buildSettings = {
				ALWAYS_SEARCH_USER_PATHS = NO;
				CLANG_ANALYZER_NONNULL = YES;
				CLANG_CXX_LANGUAGE_STANDARD = "gnu++0x";
				CLANG_CXX_LIBRARY = "libc++";
				CLANG_ENABLE_MODULES = YES;
				CLANG_ENABLE_OBJC_ARC = YES;
				CLANG_WARN_BOOL_CONVERSION = YES;
				CLANG_WARN_CONSTANT_CONVERSION = YES;
				CLANG_WARN_DIRECT_OBJC_ISA_USAGE = YES_ERROR;
				CLANG_WARN_DOCUMENTATION_COMMENTS = YES;
				CLANG_WARN_EMPTY_BODY = YES;
				CLANG_WARN_ENUM_CONVERSION = YES;
				CLANG_WARN_INFINITE_RECURSION = YES;
				CLANG_WARN_INT_CONVERSION = YES;
				CLANG_WARN_OBJC_ROOT_CLASS = YES_ERROR;
				CLANG_WARN_SUSPICIOUS_MOVE = YES;
				CLANG_WARN_UNREACHABLE_CODE = YES;
				CLANG_WARN__DUPLICATE_METHOD_MATCH = YES;
				"CODE_SIGN_IDENTITY[sdk=iphoneos*]" = "iPhone Developer";
				COPY_PHASE_STRIP = NO;
				DEBUG_INFORMATION_FORMAT = dwarf;
				ENABLE_STRICT_OBJC_MSGSEND = YES;
				ENABLE_TESTABILITY = YES;
				GCC_C_LANGUAGE_STANDARD = gnu99;
				GCC_DYNAMIC_NO_PIC = NO;
				GCC_NO_COMMON_BLOCKS = YES;
				GCC_OPTIMIZATION_LEVEL = 0;
				GCC_PREPROCESSOR_DEFINITIONS = (
					"DEBUG=1",
					"$(inherited)",
				);
				GCC_WARN_64_TO_32_BIT_CONVERSION = YES;
				GCC_WARN_ABOUT_RETURN_TYPE = YES_ERROR;
				GCC_WARN_UNDECLARED_SELECTOR = YES;
				GCC_WARN_UNINITIALIZED_AUTOS = YES_AGGRESSIVE;
				GCC_WARN_UNUSED_FUNCTION = YES;
				GCC_WARN_UNUSED_VARIABLE = YES;
				IPHONEOS_DEPLOYMENT_TARGET = 10.2;
				MTL_ENABLE_DEBUG_INFO = YES;
				ONLY_ACTIVE_ARCH = YES;
				SDKROOT = iphoneos;
				SWIFT_ACTIVE_COMPILATION_CONDITIONS = DEBUG;
				SWIFT_OPTIMIZATION_LEVEL = "-Onone";
				TARGETED_DEVICE_FAMILY = "1,2";
			};
			name = Debug;
		};
		C7991B201E6D674600ECFD4E /* Release */ = {
			isa = XCBuildConfiguration;
			buildSettings = {
				ALWAYS_SEARCH_USER_PATHS = NO;
				CLANG_ANALYZER_NONNULL = YES;
				CLANG_CXX_LANGUAGE_STANDARD = "gnu++0x";
				CLANG_CXX_LIBRARY = "libc++";
				CLANG_ENABLE_MODULES = YES;
				CLANG_ENABLE_OBJC_ARC = YES;
				CLANG_WARN_BOOL_CONVERSION = YES;
				CLANG_WARN_CONSTANT_CONVERSION = YES;
				CLANG_WARN_DIRECT_OBJC_ISA_USAGE = YES_ERROR;
				CLANG_WARN_DOCUMENTATION_COMMENTS = YES;
				CLANG_WARN_EMPTY_BODY = YES;
				CLANG_WARN_ENUM_CONVERSION = YES;
				CLANG_WARN_INFINITE_RECURSION = YES;
				CLANG_WARN_INT_CONVERSION = YES;
				CLANG_WARN_OBJC_ROOT_CLASS = YES_ERROR;
				CLANG_WARN_SUSPICIOUS_MOVE = YES;
				CLANG_WARN_UNREACHABLE_CODE = YES;
				CLANG_WARN__DUPLICATE_METHOD_MATCH = YES;
				"CODE_SIGN_IDENTITY[sdk=iphoneos*]" = "iPhone Developer";
				COPY_PHASE_STRIP = NO;
				DEBUG_INFORMATION_FORMAT = "dwarf-with-dsym";
				ENABLE_NS_ASSERTIONS = NO;
				ENABLE_STRICT_OBJC_MSGSEND = YES;
				GCC_C_LANGUAGE_STANDARD = gnu99;
				GCC_NO_COMMON_BLOCKS = YES;
				GCC_WARN_64_TO_32_BIT_CONVERSION = YES;
				GCC_WARN_ABOUT_RETURN_TYPE = YES_ERROR;
				GCC_WARN_UNDECLARED_SELECTOR = YES;
				GCC_WARN_UNINITIALIZED_AUTOS = YES_AGGRESSIVE;
				GCC_WARN_UNUSED_FUNCTION = YES;
				GCC_WARN_UNUSED_VARIABLE = YES;
				IPHONEOS_DEPLOYMENT_TARGET = 10.2;
				MTL_ENABLE_DEBUG_INFO = NO;
				SDKROOT = iphoneos;
				SWIFT_OPTIMIZATION_LEVEL = "-Owholemodule";
				TARGETED_DEVICE_FAMILY = "1,2";
				VALIDATE_PRODUCT = YES;
			};
			name = Release;
		};
		C7991B221E6D674600ECFD4E /* Debug */ = {
			isa = XCBuildConfiguration;
			buildSettings = {
				ASSETCATALOG_COMPILER_APPICON_NAME = AppIcon;
				DEVELOPMENT_TEAM = 7MRXJH2RYW;
				INFOPLIST_FILE = ChessGame/Info.plist;
				IPHONEOS_DEPLOYMENT_TARGET = 9.0;
				LD_RUNPATH_SEARCH_PATHS = "$(inherited) @executable_path/Frameworks";
				PRODUCT_BUNDLE_IDENTIFIER = vn.edu.ttung.ChessGame;
				PRODUCT_NAME = "$(TARGET_NAME)";
				SWIFT_VERSION = 3.0;
			};
			name = Debug;
		};
		C7991B231E6D674600ECFD4E /* Release */ = {
			isa = XCBuildConfiguration;
			buildSettings = {
				ASSETCATALOG_COMPILER_APPICON_NAME = AppIcon;
				DEVELOPMENT_TEAM = 7MRXJH2RYW;
				INFOPLIST_FILE = ChessGame/Info.plist;
				IPHONEOS_DEPLOYMENT_TARGET = 9.0;
				LD_RUNPATH_SEARCH_PATHS = "$(inherited) @executable_path/Frameworks";
				PRODUCT_BUNDLE_IDENTIFIER = vn.edu.ttung.ChessGame;
				PRODUCT_NAME = "$(TARGET_NAME)";
				SWIFT_VERSION = 3.0;
			};
			name = Release;
		};
		C7991B251E6D674600ECFD4E /* Debug */ = {
			isa = XCBuildConfiguration;
			buildSettings = {
				ALWAYS_EMBED_SWIFT_STANDARD_LIBRARIES = YES;
				BUNDLE_LOADER = "$(TEST_HOST)";
				INFOPLIST_FILE = ChessGameTests/Info.plist;
				LD_RUNPATH_SEARCH_PATHS = "$(inherited) @executable_path/Frameworks @loader_path/Frameworks";
				PRODUCT_BUNDLE_IDENTIFIER = vn.edu.ttung.ChessGameTests;
				PRODUCT_NAME = "$(TARGET_NAME)";
				SWIFT_VERSION = 3.0;
				TEST_HOST = "$(BUILT_PRODUCTS_DIR)/ChessGame.app/ChessGame";
			};
			name = Debug;
		};
		C7991B261E6D674600ECFD4E /* Release */ = {
			isa = XCBuildConfiguration;
			buildSettings = {
				ALWAYS_EMBED_SWIFT_STANDARD_LIBRARIES = YES;
				BUNDLE_LOADER = "$(TEST_HOST)";
				INFOPLIST_FILE = ChessGameTests/Info.plist;
				LD_RUNPATH_SEARCH_PATHS = "$(inherited) @executable_path/Frameworks @loader_path/Frameworks";
				PRODUCT_BUNDLE_IDENTIFIER = vn.edu.ttung.ChessGameTests;
				PRODUCT_NAME = "$(TARGET_NAME)";
				SWIFT_VERSION = 3.0;
				TEST_HOST = "$(BUILT_PRODUCTS_DIR)/ChessGame.app/ChessGame";
			};
			name = Release;
		};
		C7991B281E6D674600ECFD4E /* Debug */ = {
			isa = XCBuildConfiguration;
			buildSettings = {
				ALWAYS_EMBED_SWIFT_STANDARD_LIBRARIES = YES;
				INFOPLIST_FILE = ChessGameUITests/Info.plist;
				LD_RUNPATH_SEARCH_PATHS = "$(inherited) @executable_path/Frameworks @loader_path/Frameworks";
				PRODUCT_BUNDLE_IDENTIFIER = vn.edu.ttung.ChessGameUITests;
				PRODUCT_NAME = "$(TARGET_NAME)";
				SWIFT_VERSION = 3.0;
				TEST_TARGET_NAME = ChessGame;
			};
			name = Debug;
		};
		C7991B291E6D674600ECFD4E /* Release */ = {
			isa = XCBuildConfiguration;
			buildSettings = {
				ALWAYS_EMBED_SWIFT_STANDARD_LIBRARIES = YES;
				INFOPLIST_FILE = ChessGameUITests/Info.plist;
				LD_RUNPATH_SEARCH_PATHS = "$(inherited) @executable_path/Frameworks @loader_path/Frameworks";
				PRODUCT_BUNDLE_IDENTIFIER = vn.edu.ttung.ChessGameUITests;
				PRODUCT_NAME = "$(TARGET_NAME)";
				SWIFT_VERSION = 3.0;
				TEST_TARGET_NAME = ChessGame;
			};
			name = Release;
		};
/* End XCBuildConfiguration section */

/* Begin XCConfigurationList section */
		C7991AF11E6D674600ECFD4E /* Build configuration list for PBXProject "ChessGame" */ = {
			isa = XCConfigurationList;
			buildConfigurations = (
				C7991B1F1E6D674600ECFD4E /* Debug */,
				C7991B201E6D674600ECFD4E /* Release */,
			);
			defaultConfigurationIsVisible = 0;
			defaultConfigurationName = Release;
		};
		C7991B211E6D674600ECFD4E /* Build configuration list for PBXNativeTarget "ChessGame" */ = {
			isa = XCConfigurationList;
			buildConfigurations = (
				C7991B221E6D674600ECFD4E /* Debug */,
				C7991B231E6D674600ECFD4E /* Release */,
			);
			defaultConfigurationIsVisible = 0;
			defaultConfigurationName = Release;
		};
		C7991B241E6D674600ECFD4E /* Build configuration list for PBXNativeTarget "ChessGameTests" */ = {
			isa = XCConfigurationList;
			buildConfigurations = (
				C7991B251E6D674600ECFD4E /* Debug */,
				C7991B261E6D674600ECFD4E /* Release */,
			);
			defaultConfigurationIsVisible = 0;
			defaultConfigurationName = Release;
		};
		C7991B271E6D674600ECFD4E /* Build configuration list for PBXNativeTarget "ChessGameUITests" */ = {
			isa = XCConfigurationList;
			buildConfigurations = (
				C7991B281E6D674600ECFD4E /* Debug */,
				C7991B291E6D674600ECFD4E /* Release */,
			);
			defaultConfigurationIsVisible = 0;
			defaultConfigurationName = Release;
		};
/* End XCConfigurationList section */

/* Begin XCVersionGroup section */
		C7991B001E6D674600ECFD4E /* ChessGame.xcdatamodeld */ = {
			isa = XCVersionGroup;
			children = (
				C7991B011E6D674600ECFD4E /* ChessGame.xcdatamodel */,
			);
			currentVersion = C7991B011E6D674600ECFD4E /* ChessGame.xcdatamodel */;
			path = ChessGame.xcdatamodeld;
			sourceTree = "<group>";
			versionGroupType = wrapper.xcdatamodel;
		};
/* End XCVersionGroup section */
	};
	rootObject = C7991AEE1E6D674600ECFD4E /* Project object */;
}
